{
  "version": "3",
  "packages": {
    "specifiers": {
      "jsr:@hono/hono@^4.4.13": "jsr:@hono/hono@4.4.13",
      "jsr:@std/assert": "jsr:@std/assert@0.225.2",
      "jsr:@std/internal@^0.225.1": "jsr:@std/internal@0.225.1",
      "npm:@hono/node-server@^1.12.0": "npm:@hono/node-server@1.12.0",
      "npm:create-hono@latest": "npm:create-hono@0.10.0",
      "npm:prisma": "npm:prisma@5.16.2",
      "npm:prisma@5.16.2": "npm:prisma@5.16.2"
    },
    "jsr": {
      "@hono/hono@4.4.13": {
        "integrity": "bd8a736b7e77c6d285c186beb37526fcb0497f48b759d508e595464b5f2ffd5c"
      },
      "@std/assert@0.225.2": {
        "integrity": "6fd566c3ea01654d29c2b633298b7fc7599716336233852eb87e9843658fa192",
        "dependencies": [
          "jsr:@std/internal@^0.225.1"
        ]
      },
      "@std/internal@0.225.1": {
        "integrity": "7d8a812be88c2792f15ab9cf46911e521ccca50435948a8f24df5cefda96bde9"
      }
    },
    "npm": {
      "@hono/node-server@1.12.0": {
        "integrity": "sha512-e6oHjNiErRxsZRZBmc2KucuvY3btlO/XPncIpP2X75bRdTilF9GLjm3NHvKKunpJbbJJj31/FoPTksTf8djAVw==",
        "dependencies": {}
      },
      "@prisma/debug@5.16.2": {
        "integrity": "sha512-ItzB4nR4O8eLzuJiuP3WwUJfoIvewMHqpGCad+64gvThcKEVOtaUza9AEJo2DPqAOa/AWkFyK54oM4WwHeew+A==",
        "dependencies": {}
      },
      "@prisma/engines-version@5.16.0-24.34ace0eb2704183d2c05b60b52fba5c43c13f303": {
        "integrity": "sha512-HkT2WbfmFZ9WUPyuJHhkiADxazHg8Y4gByrTSVeb3OikP6tjQ7txtSUGu9OBOBH0C13dPKN2qqH12xKtHu/Hiw==",
        "dependencies": {}
      },
      "@prisma/engines@5.16.2": {
        "integrity": "sha512-qUxwMtrwoG3byd4PbX6T7EjHJ8AUhzTuwniOGkh/hIznBfcE2QQnGakyEq4VnwNuttMqvh/GgPFapHQ3lCuRHg==",
        "dependencies": {
          "@prisma/debug": "@prisma/debug@5.16.2",
          "@prisma/engines-version": "@prisma/engines-version@5.16.0-24.34ace0eb2704183d2c05b60b52fba5c43c13f303",
          "@prisma/fetch-engine": "@prisma/fetch-engine@5.16.2",
          "@prisma/get-platform": "@prisma/get-platform@5.16.2"
        }
      },
      "@prisma/fetch-engine@5.16.2": {
        "integrity": "sha512-sq51lfHKfH2jjYSjBtMjP+AznFqOJzXpqmq6B9auWrlTJrMgZ7lPyhWUW7VU7LsQU48/TJ+DZeIz8s9bMYvcHg==",
        "dependencies": {
          "@prisma/debug": "@prisma/debug@5.16.2",
          "@prisma/engines-version": "@prisma/engines-version@5.16.0-24.34ace0eb2704183d2c05b60b52fba5c43c13f303",
          "@prisma/get-platform": "@prisma/get-platform@5.16.2"
        }
      },
      "@prisma/get-platform@5.16.2": {
        "integrity": "sha512-cXiHPgNLNyj22vLouPVNegklpRL/iX2jxTeap5GRO3DmCoVyIHmJAV1CgUMUJhHlcol9yYy7EHvsnXTDJ/PKEA==",
        "dependencies": {
          "@prisma/debug": "@prisma/debug@5.16.2"
        }
      },
      "create-hono@0.10.0": {
        "integrity": "sha512-MI3ik9GF6mFCtzaUoU5dsQ8RMpfjqsc3dAS2QtmC9GeFFNJCssLTdiIuNs7ESUTSg8LoDhvepKm1lFWMqQwVcw==",
        "dependencies": {}
      },
      "prisma@5.16.2": {
        "integrity": "sha512-rFV/xoBR2hBGGlu4LPLQd4U8WVA+tSAmYyFWGPRVfj+xg7N4kiZV4lSk38htSpF+/IuHKzlrbh4SFk8Z18cI8A==",
        "dependencies": {
          "@prisma/engines": "@prisma/engines@5.16.2"
        }
      }
    }
  },
  "remote": {},
  "workspace": {
    "dependencies": [
      "jsr:@hono/hono@^4.4.13",
      "npm:@hono/node-server@^1.12.0"
    ],
    "packageJson": {
      "dependencies": [
        "npm:@prisma/client@5.16.2",
        "npm:prisma@5.16.2"
      ]
    }
  }
}
