# This file is generated by running "yarn install" inside your project.
# Manual changes might be lost - proceed with caution!

__metadata:
  version: 8
  cacheKey: 10c0

"@prisma/client@npm:5.16.2":
  version: 5.16.2
  resolution: "@prisma/client@npm:5.16.2"
  peerDependencies:
    prisma: "*"
  peerDependenciesMeta:
    prisma:
      optional: true
  checksum: 10c0/4aefff22a3ad5ac3a7b6298c41949e4962b328a13d9f9e9095b530ce3ad931a1052716450d464850f240e6fa109b6db5719a9cf0f868e75ad44c39ad2409f2df
  languageName: node
  linkType: hard

"@prisma/debug@npm:5.16.2":
  version: 5.16.2
  resolution: "@prisma/debug@npm:5.16.2"
  checksum: 10c0/63dac1010cb8304f512b84c903209f4f5b3d8a359284b576101d11e457af9af4eb57e78a1445e101e9e4a6801cdd04e299f12dd0a50eb26fd785387f6c0986b7
  languageName: node
  linkType: hard

"@prisma/engines-version@npm:5.16.0-24.34ace0eb2704183d2c05b60b52fba5c43c13f303":
  version: 5.16.0-24.34ace0eb2704183d2c05b60b52fba5c43c13f303
  resolution: "@prisma/engines-version@npm:5.16.0-24.34ace0eb2704183d2c05b60b52fba5c43c13f303"
  checksum: 10c0/de02aed86429fbae0c98dbcb35baa9e1583a37aa222692a832a24153ed173a5559257c31296ecbd8ae5a8a99887f3aaf0797d819ca45e562905ce0bea411fe75
  languageName: node
  linkType: hard

"@prisma/engines@npm:5.16.2":
  version: 5.16.2
  resolution: "@prisma/engines@npm:5.16.2"
  dependencies:
    "@prisma/debug": "npm:5.16.2"
    "@prisma/engines-version": "npm:5.16.0-24.34ace0eb2704183d2c05b60b52fba5c43c13f303"
    "@prisma/fetch-engine": "npm:5.16.2"
    "@prisma/get-platform": "npm:5.16.2"
  checksum: 10c0/4e059639779402c9446b2d4795f7cc6b17ef1e9eb85f000a8b591d45fc755fbe66d49b6acec7ed2fd2847b4ffd48fefdc961a9e2439a24de53e59447e03179b5
  languageName: node
  linkType: hard

"@prisma/fetch-engine@npm:5.16.2":
  version: 5.16.2
  resolution: "@prisma/fetch-engine@npm:5.16.2"
  dependencies:
    "@prisma/debug": "npm:5.16.2"
    "@prisma/engines-version": "npm:5.16.0-24.34ace0eb2704183d2c05b60b52fba5c43c13f303"
    "@prisma/get-platform": "npm:5.16.2"
  checksum: 10c0/00b63683df0278bdcfa4b88756189359dbe03ac5a08f33db29cba839fd9f5c97818608ac9ddc4bc99e407957e7227a5bb6dbb08d64c709835af097a607da78aa
  languageName: node
  linkType: hard

"@prisma/get-platform@npm:5.16.2":
  version: 5.16.2
  resolution: "@prisma/get-platform@npm:5.16.2"
  dependencies:
    "@prisma/debug": "npm:5.16.2"
  checksum: 10c0/4a9cb31411944e59f8fd678c38e40de8f52dcb931a63f95bd33b951157c5d61229d5d0c5928fd9450a49edcb0723cabf239e65c6f277488af7cb36d45bb125c4
  languageName: node
  linkType: hard

"prisma@npm:5.16.2":
  version: 5.16.2
  resolution: "prisma@npm:5.16.2"
  dependencies:
    "@prisma/engines": "npm:5.16.2"
  bin:
    prisma: build/index.js
  checksum: 10c0/0820150bfe2f9372b34b97be694554fe8ceb51542e467df0afed94575c425556b534bf8080d8526544c5d3ec339c43072360abfe6b14319b65a0480b116aa983
  languageName: node
  linkType: hard

"root-workspace-0b6124@workspace:.":
  version: 0.0.0-use.local
  resolution: "root-workspace-0b6124@workspace:."
  dependencies:
    "@prisma/client": "npm:5.16.2"
    prisma: "npm:5.16.2"
  languageName: unknown
  linkType: soft
